
Microsoft Visual Studio Solution File, Format Version 12.00
Project("{FAE04EC0-301F-11D3-BF4B-00C04F79EFBC}") = "ColorRampGenerator", "ColorRampGenerator\ColorRampGenerator.csproj", "{56563E0C-2E11-4958-9CEC-931B159EC469}"
EndProject
Global
	GlobalSection(SolutionConfigurationPlatforms) = preSolution
		Debug|Any CPU = Debug|Any CPU
		Release|Any CPU = Release|Any CPU
	EndGlobalSection
	GlobalSection(ProjectConfigurationPlatforms) = postSolution
		{56563E0C-2E11-4958-9CEC-931B159EC469}.Debug|Any CPU.ActiveCfg = Debug|Any CPU
		{56563E0C-2E11-4958-9CEC-931B159EC469}.Debug|Any CPU.Build.0 = Debug|Any CPU
		{56563E0C-2E11-4958-9CEC-931B159EC469}.Release|Any CPU.ActiveCfg = Release|Any CPU
		{56563E0C-2E11-4958-9CEC-931B159EC469}.Release|Any CPU.Build.0 = Release|Any CPU
	EndGlobalSection
EndGlobal
